
Microsoft Visual Studio Solution File, Format Version 12.00
# Visual Studio Version 17
VisualStudioVersion = 17.8.34525.116
MinimumVisualStudioVersion = 10.0.40219.1
Project("{FAE04EC0-301F-11D3-BF4B-00C04F79EFBC}") = "TPLab3", "TPLab3\TPLab3.csproj", "{83E859E6-9242-43F4-A4AC-D549ABDBC8CE}"
EndProject
Global
	GlobalSection(SolutionConfigurationPlatforms) = preSolution
		Debug|Any CPU = Debug|Any CPU
		Release|Any CPU = Release|Any CPU
	EndGlobalSection
	GlobalSection(ProjectConfigurationPlatforms) = postSolution
		{83E859E6-9242-43F4-A4AC-D549ABDBC8CE}.Debug|Any CPU.ActiveCfg = Debug|Any CPU
		{83E859E6-9242-43F4-A4AC-D549ABDBC8CE}.Debug|Any CPU.Build.0 = Debug|Any CPU
		{83E859E6-9242-43F4-A4AC-D549ABDBC8CE}.Release|Any CPU.ActiveCfg = Release|Any CPU
		{83E859E6-9242-43F4-A4AC-D549ABDBC8CE}.Release|Any CPU.Build.0 = Release|Any CPU
	EndGlobalSection
	GlobalSection(SolutionProperties) = preSolution
		HideSolutionNode = FALSE
	EndGlobalSection
	GlobalSection(ExtensibilityGlobals) = postSolution
		SolutionGuid = {8B380261-036D-4E2E-BE9E-377E9911357A}
	EndGlobalSection
EndGlobal
